// !$*UTF8*$!
{
	archiveVersion = 1;
	classes = {
	};
	objectVersion = 50;
	objects = {

/* Begin PBXBuildFile section */
		2C14845522790E8E00F9A182 /* AppDelegate.swift in Sources */ = {isa = PBXBuildFile; fileRef = 2C14845422790E8E00F9A182 /* AppDelegate.swift */; };
		2C14845A22790E8E00F9A182 /* Main.storyboard in Resources */ = {isa = PBXBuildFile; fileRef = 2C14845822790E8E00F9A182 /* Main.storyboard */; };
		2C14845D22790E8E00F9A182 /* CoreDataApp.xcdatamodeld in Sources */ = {isa = PBXBuildFile; fileRef = 2C14845B22790E8E00F9A182 /* CoreDataApp.xcdatamodeld */; };
		2C14845F22790E9000F9A182 /* Assets.xcassets in Resources */ = {isa = PBXBuildFile; fileRef = 2C14845E22790E9000F9A182 /* Assets.xcassets */; };
		2C14846222790E9000F9A182 /* LaunchScreen.storyboard in Resources */ = {isa = PBXBuildFile; fileRef = 2C14846022790E9000F9A182 /* LaunchScreen.storyboard */; };
		2C14846D22790E9000F9A182 /* CoreDataAppTests.swift in Sources */ = {isa = PBXBuildFile; fileRef = 2C14846C22790E9000F9A182 /* CoreDataAppTests.swift */; };
		2C14847822790E9000F9A182 /* CoreDataAppUITests.swift in Sources */ = {isa = PBXBuildFile; fileRef = 2C14847722790E9000F9A182 /* CoreDataAppUITests.swift */; };
		2C14848A22792B3300F9A182 /* ExpensesViewController.swift in Sources */ = {isa = PBXBuildFile; fileRef = 2C14848922792B3300F9A182 /* ExpensesViewController.swift */; };
		2C14848C22792BA500F9A182 /* SingleExpenseViewController.swift in Sources */ = {isa = PBXBuildFile; fileRef = 2C14848B22792BA500F9A182 /* SingleExpenseViewController.swift */; };
		2C14848F2279355700F9A182 /* Expense+CoreDataClass.swift in Sources */ = {isa = PBXBuildFile; fileRef = 2C14848D2279355700F9A182 /* Expense+CoreDataClass.swift */; };
		2C1484902279355700F9A182 /* Expense+CoreDataProperties.swift in Sources */ = {isa = PBXBuildFile; fileRef = 2C14848E2279355700F9A182 /* Expense+CoreDataProperties.swift */; };
/* End PBXBuildFile section */

/* Begin PBXContainerItemProxy section */
		2C14846922790E9000F9A182 /* PBXContainerItemProxy */ = {
			isa = PBXContainerItemProxy;
			containerPortal = 2C14844922790E8E00F9A182 /* Project object */;
			proxyType = 1;
			remoteGlobalIDString = 2C14845022790E8E00F9A182;
			remoteInfo = CoreDataApp;
		};
		2C14847422790E9000F9A182 /* PBXContainerItemProxy */ = {
			isa = PBXContainerItemProxy;
			containerPortal = 2C14844922790E8E00F9A182 /* Project object */;
			proxyType = 1;
			remoteGlobalIDString = 2C14845022790E8E00F9A182;
			remoteInfo = CoreDataApp;
		};
/* End PBXContainerItemProxy section */

/* Begin PBXFileReference section */
		2C14845122790E8E00F9A182 /* CoreDataApp.app */ = {isa = PBXFileReference; explicitFileType = wrapper.application; includeInIndex = 0; path = CoreDataApp.app; sourceTree = BUILT_PRODUCTS_DIR; };
		2C14845422790E8E00F9A182 /* AppDelegate.swift */ = {isa = PBXFileReference; lastKnownFileType = sourcecode.swift; path = AppDelegate.swift; sourceTree = "<group>"; };
		2C14845922790E8E00F9A182 /* Base */ = {isa = PBXFileReference; lastKnownFileType = file.storyboard; name = Base; path = Base.lproj/Main.storyboard; sourceTree = "<group>"; };
		2C14845C22790E8E00F9A182 /* CoreDataApp.xcdatamodel */ = {isa = PBXFileReference; lastKnownFileType = wrapper.xcdatamodel; path = CoreDataApp.xcdatamodel; sourceTree = "<group>"; };
		2C14845E22790E9000F9A182 /* Assets.xcassets */ = {isa = PBXFileReference; lastKnownFileType = folder.assetcatalog; path = Assets.xcassets; sourceTree = "<group>"; };
		2C14846122790E9000F9A182 /* Base */ = {isa = PBXFileReference; lastKnownFileType = file.storyboard; name = Base; path = Base.lproj/LaunchScreen.storyboard; sourceTree = "<group>"; };
		2C14846322790E9000F9A182 /* Info.plist */ = {isa = PBXFileReference; lastKnownFileType = text.plist.xml; path = Info.plist; sourceTree = "<group>"; };
		2C14846822790E9000F9A182 /* CoreDataAppTests.xctest */ = {isa = PBXFileReference; explicitFileType = wrapper.cfbundle; includeInIndex = 0; path = CoreDataAppTests.xctest; sourceTree = BUILT_PRODUCTS_DIR; };
		2C14846C22790E9000F9A182 /* CoreDataAppTests.swift */ = {isa = PBXFileReference; lastKnownFileType = sourcecode.swift; path = CoreDataAppTests.swift; sourceTree = "<group>"; };
		2C14846E22790E9000F9A182 /* Info.plist */ = {isa = PBXFileReference; lastKnownFileType = text.plist.xml; path = Info.plist; sourceTree = "<group>"; };
		2C14847322790E9000F9A182 /* CoreDataAppUITests.xctest */ = {isa = PBXFileReference; explicitFileType = wrapper.cfbundle; includeInIndex = 0; path = CoreDataAppUITests.xctest; sourceTree = BUILT_PRODUCTS_DIR; };
		2C14847722790E9000F9A182 /* CoreDataAppUITests.swift */ = {isa = PBXFileReference; lastKnownFileType = sourcecode.swift; path = CoreDataAppUITests.swift; sourceTree = "<group>"; };
		2C14847922790E9000F9A182 /* Info.plist */ = {isa = PBXFileReference; lastKnownFileType = text.plist.xml; path = Info.plist; sourceTree = "<group>"; };
		2C14848922792B3300F9A182 /* ExpensesViewController.swift */ = {isa = PBXFileReference; lastKnownFileType = sourcecode.swift; path = ExpensesViewController.swift; sourceTree = "<group>"; };
		2C14848B22792BA500F9A182 /* SingleExpenseViewController.swift */ = {isa = PBXFileReference; lastKnownFileType = sourcecode.swift; path = SingleExpenseViewController.swift; sourceTree = "<group>"; };
		2C14848D2279355700F9A182 /* Expense+CoreDataClass.swift */ = {isa = PBXFileReference; lastKnownFileType = sourcecode.swift; path = "Expense+CoreDataClass.swift"; sourceTree = "<group>"; };
		2C14848E2279355700F9A182 /* Expense+CoreDataProperties.swift */ = {isa = PBXFileReference; lastKnownFileType = sourcecode.swift; path = "Expense+CoreDataProperties.swift"; sourceTree = "<group>"; };
/* End PBXFileReference section */

/* Begin PBXFrameworksBuildPhase section */
		2C14844E22790E8E00F9A182 /* Frameworks */ = {
			isa = PBXFrameworksBuildPhase;
			buildActionMask = 2147483647;
			files = (
			);
			runOnlyForDeploymentPostprocessing = 0;
		};
		2C14846522790E9000F9A182 /* Frameworks */ = {
			isa = PBXFrameworksBuildPhase;
			buildActionMask = 2147483647;
			files = (
			);
			runOnlyForDeploymentPostprocessing = 0;
		};
		2C14847022790E9000F9A182 /* Frameworks */ = {
			isa = PBXFrameworksBuildPhase;
			buildActionMask = 2147483647;
			files = (
			);
			runOnlyForDeploymentPostprocessing = 0;
		};
/* End PBXFrameworksBuildPhase section */

/* Begin PBXGroup section */
		2C14844822790E8E00F9A182 = {
			isa = PBXGroup;
			children = (
				2C14845322790E8E00F9A182 /* CoreDataApp */,
				2C14846B22790E9000F9A182 /* CoreDataAppTests */,
				2C14847622790E9000F9A182 /* CoreDataAppUITests */,
				2C14845222790E8E00F9A182 /* Products */,
			);
			sourceTree = "<group>";
		};
		2C14845222790E8E00F9A182 /* Products */ = {
			isa = PBXGroup;
			children = (
				2C14845122790E8E00F9A182 /* CoreDataApp.app */,
				2C14846822790E9000F9A182 /* CoreDataAppTests.xctest */,
				2C14847322790E9000F9A182 /* CoreDataAppUITests.xctest */,
			);
			name = Products;
			sourceTree = "<group>";
		};
		2C14845322790E8E00F9A182 /* CoreDataApp */ = {
			isa = PBXGroup;
			children = (
				2C14848D2279355700F9A182 /* Expense+CoreDataClass.swift */,
				2C14848E2279355700F9A182 /* Expense+CoreDataProperties.swift */,
				2C14845422790E8E00F9A182 /* AppDelegate.swift */,
				2C14845822790E8E00F9A182 /* Main.storyboard */,
				2C14845E22790E9000F9A182 /* Assets.xcassets */,
				2C14846022790E9000F9A182 /* LaunchScreen.storyboard */,
				2C14846322790E9000F9A182 /* Info.plist */,
				2C14845B22790E8E00F9A182 /* CoreDataApp.xcdatamodeld */,
				2C14848922792B3300F9A182 /* ExpensesViewController.swift */,
				2C14848B22792BA500F9A182 /* SingleExpenseViewController.swift */,
			);
			path = CoreDataApp;
			sourceTree = "<group>";
		};
		2C14846B22790E9000F9A182 /* CoreDataAppTests */ = {
			isa = PBXGroup;
			children = (
				2C14846C22790E9000F9A182 /* CoreDataAppTests.swift */,
				2C14846E22790E9000F9A182 /* Info.plist */,
			);
			path = CoreDataAppTests;
			sourceTree = "<group>";
		};
		2C14847622790E9000F9A182 /* CoreDataAppUITests */ = {
			isa = PBXGroup;
			children = (
				2C14847722790E9000F9A182 /* CoreDataAppUITests.swift */,
				2C14847922790E9000F9A182 /* Info.plist */,
			);
			path = CoreDataAppUITests;
			sourceTree = "<group>";
		};
/* End PBXGroup section */

/* Begin PBXNativeTarget section */
		2C14845022790E8E00F9A182 /* CoreDataApp */ = {
			isa = PBXNativeTarget;
			buildConfigurationList = 2C14847C22790E9000F9A182 /* Build configuration list for PBXNativeTarget "CoreDataApp" */;
			buildPhases = (
				2C14844D22790E8E00F9A182 /* Sources */,
				2C14844E22790E8E00F9A182 /* Frameworks */,
				2C14844F22790E8E00F9A182 /* Resources */,
			);
			buildRules = (
			);
			dependencies = (
			);
			name = CoreDataApp;
			productName = CoreDataApp;
			productReference = 2C14845122790E8E00F9A182 /* CoreDataApp.app */;
			productType = "com.apple.product-type.application";
		};
		2C14846722790E9000F9A182 /* CoreDataAppTests */ = {
			isa = PBXNativeTarget;
			buildConfigurationList = 2C14847F22790E9000F9A182 /* Build configuration list for PBXNativeTarget "CoreDataAppTests" */;
			buildPhases = (
				2C14846422790E9000F9A182 /* Sources */,
				2C14846522790E9000F9A182 /* Frameworks */,
				2C14846622790E9000F9A182 /* Resources */,
			);
			buildRules = (
			);
			dependencies = (
				2C14846A22790E9000F9A182 /* PBXTargetDependency */,
			);
			name = CoreDataAppTests;
			productName = CoreDataAppTests;
			productReference = 2C14846822790E9000F9A182 /* CoreDataAppTests.xctest */;
			productType = "com.apple.product-type.bundle.unit-test";
		};
		2C14847222790E9000F9A182 /* CoreDataAppUITests */ = {
			isa = PBXNativeTarget;
			buildConfigurationList = 2C14848222790E9000F9A182 /* Build configuration list for PBXNativeTarget "CoreDataAppUITests" */;
			buildPhases = (
				2C14846F22790E9000F9A182 /* Sources */,
				2C14847022790E9000F9A182 /* Frameworks */,
				2C14847122790E9000F9A182 /* Resources */,
			);
			buildRules = (
			);
			dependencies = (
				2C14847522790E9000F9A182 /* PBXTargetDependency */,
			);
			name = CoreDataAppUITests;
			productName = CoreDataAppUITests;
			productReference = 2C14847322790E9000F9A182 /* CoreDataAppUITests.xctest */;
			productType = "com.apple.product-type.bundle.ui-testing";
		};
/* End PBXNativeTarget section */

/* Begin PBXProject section */
		2C14844922790E8E00F9A182 /* Project object */ = {
			isa = PBXProject;
			attributes = {
				LastSwiftUpdateCheck = 1020;
				LastUpgradeCheck = 1020;
				ORGANIZATIONNAME = "Yan Yang";
				TargetAttributes = {
					2C14845022790E8E00F9A182 = {
						CreatedOnToolsVersion = 10.2.1;
					};
					2C14846722790E9000F9A182 = {
						CreatedOnToolsVersion = 10.2.1;
						TestTargetID = 2C14845022790E8E00F9A182;
					};
					2C14847222790E9000F9A182 = {
						CreatedOnToolsVersion = 10.2.1;
						TestTargetID = 2C14845022790E8E00F9A182;
					};
				};
			};
			buildConfigurationList = 2C14844C22790E8E00F9A182 /* Build configuration list for PBXProject "CoreDataApp" */;
			compatibilityVersion = "Xcode 9.3";
			developmentRegion = en;
			hasScannedForEncodings = 0;
			knownRegions = (
				en,
				Base,
			);
			mainGroup = 2C14844822790E8E00F9A182;
			productRefGroup = 2C14845222790E8E00F9A182 /* Products */;
			projectDirPath = "";
			projectRoot = "";
			targets = (
				2C14845022790E8E00F9A182 /* CoreDataApp */,
				2C14846722790E9000F9A182 /* CoreDataAppTests */,
				2C14847222790E9000F9A182 /* CoreDataAppUITests */,
			);
		};
/* End PBXProject section */

/* Begin PBXResourcesBuildPhase section */
		2C14844F22790E8E00F9A182 /* Resources */ = {
			isa = PBXResourcesBuildPhase;
			buildActionMask = 2147483647;
			files = (
				2C14846222790E9000F9A182 /* LaunchScreen.storyboard in Resources */,
				2C14845F22790E9000F9A182 /* Assets.xcassets in Resources */,
				2C14845A22790E8E00F9A182 /* Main.storyboard in Resources */,
			);
			runOnlyForDeploymentPostprocessing = 0;
		};
		2C14846622790E9000F9A182 /* Resources */ = {
			isa = PBXResourcesBuildPhase;
			buildActionMask = 2147483647;
			files = (
			);
			runOnlyForDeploymentPostprocessing = 0;
		};
		2C14847122790E9000F9A182 /* Resources */ = {
			isa = PBXResourcesBuildPhase;
			buildActionMask = 2147483647;
			files = (
			);
			runOnlyForDeploymentPostprocessing = 0;
		};
/* End PBXResourcesBuildPhase section */

/* Begin PBXSourcesBuildPhase section */
		2C14844D22790E8E00F9A182 /* Sources */ = {
			isa = PBXSourcesBuildPhase;
			buildActionMask = 2147483647;
			files = (
				2C14845D22790E8E00F9A182 /* CoreDataApp.xcdatamodeld in Sources */,
				2C14845522790E8E00F9A182 /* AppDelegate.swift in Sources */,
				2C1484902279355700F9A182 /* Expense+CoreDataProperties.swift in Sources */,
				2C14848F2279355700F9A182 /* Expense+CoreDataClass.swift in Sources */,
				2C14848A22792B3300F9A182 /* ExpensesViewController.swift in Sources */,
				2C14848C22792BA500F9A182 /* SingleExpenseViewController.swift in Sources */,
			);
			runOnlyForDeploymentPostprocessing = 0;
		};
		2C14846422790E9000F9A182 /* Sources */ = {
			isa = PBXSourcesBuildPhase;
			buildActionMask = 2147483647;
			files = (
				2C14846D22790E9000F9A182 /* CoreDataAppTests.swift in Sources */,
			);
			runOnlyForDeploymentPostprocessing = 0;
		};
		2C14846F22790E9000F9A182 /* Sources */ = {
			isa = PBXSourcesBuildPhase;
			buildActionMask = 2147483647;
			files = (
				2C14847822790E9000F9A182 /* CoreDataAppUITests.swift in Sources */,
			);
			runOnlyForDeploymentPostprocessing = 0;
		};
/* End PBXSourcesBuildPhase section */

/* Begin PBXTargetDependency section */
		2C14846A22790E9000F9A182 /* PBXTargetDependency */ = {
			isa = PBXTargetDependency;
			target = 2C14845022790E8E00F9A182 /* CoreDataApp */;
			targetProxy = 2C14846922790E9000F9A182 /* PBXContainerItemProxy */;
		};
		2C14847522790E9000F9A182 /* PBXTargetDependency */ = {
			isa = PBXTargetDependency;
			target = 2C14845022790E8E00F9A182 /* CoreDataApp */;
			targetProxy = 2C14847422790E9000F9A182 /* PBXContainerItemProxy */;
		};
/* End PBXTargetDependency section */

/* Begin PBXVariantGroup section */
		2C14845822790E8E00F9A182 /* Main.storyboard */ = {
			isa = PBXVariantGroup;
			children = (
				2C14845922790E8E00F9A182 /* Base */,
			);
			name = Main.storyboard;
			sourceTree = "<group>";
		};
		2C14846022790E9000F9A182 /* LaunchScreen.storyboard */ = {
			isa = PBXVariantGroup;
			children = (
				2C14846122790E9000F9A182 /* Base */,
			);
			name = LaunchScreen.storyboard;
			sourceTree = "<group>";
		};
/* End PBXVariantGroup section */

/* Begin XCBuildConfiguration section */
		2C14847A22790E9000F9A182 /* Debug */ = {
			isa = XCBuildConfiguration;
			buildSettings = {
				ALWAYS_SEARCH_USER_PATHS = NO;
				CLANG_ANALYZER_NONNULL = YES;
				CLANG_ANALYZER_NUMBER_OBJECT_CONVERSION = YES_AGGRESSIVE;
				CLANG_CXX_LANGUAGE_STANDARD = "gnu++14";
				CLANG_CXX_LIBRARY = "libc++";
				CLANG_ENABLE_MODULES = YES;
				CLANG_ENABLE_OBJC_ARC = YES;
				CLANG_ENABLE_OBJC_WEAK = YES;
				CLANG_WARN_BLOCK_CAPTURE_AUTORELEASING = YES;
				CLANG_WARN_BOOL_CONVERSION = YES;
				CLANG_WARN_COMMA = YES;
				CLANG_WARN_CONSTANT_CONVERSION = YES;
				CLANG_WARN_DEPRECATED_OBJC_IMPLEMENTATIONS = YES;
				CLANG_WARN_DIRECT_OBJC_ISA_USAGE = YES_ERROR;
				CLANG_WARN_DOCUMENTATION_COMMENTS = YES;
				CLANG_WARN_EMPTY_BODY = YES;
				CLANG_WARN_ENUM_CONVERSION = YES;
				CLANG_WARN_INFINITE_RECURSION = YES;
				CLANG_WARN_INT_CONVERSION = YES;
				CLANG_WARN_NON_LITERAL_NULL_CONVERSION = YES;
				CLANG_WARN_OBJC_IMPLICIT_RETAIN_SELF = YES;
				CLANG_WARN_OBJC_LITERAL_CONVERSION = YES;
				CLANG_WARN_OBJC_ROOT_CLASS = YES_ERROR;
				CLANG_WARN_RANGE_LOOP_ANALYSIS = YES;
				CLANG_WARN_STRICT_PROTOTYPES = YES;
				CLANG_WARN_SUSPICIOUS_MOVE = YES;
				CLANG_WARN_UNGUARDED_AVAILABILITY = YES_AGGRESSIVE;
				CLANG_WARN_UNREACHABLE_CODE = YES;
				CLANG_WARN__DUPLICATE_METHOD_MATCH = YES;
				CODE_SIGN_IDENTITY = "iPhone Developer";
				COPY_PHASE_STRIP = NO;
				DEBUG_INFORMATION_FORMAT = dwarf;
				ENABLE_STRICT_OBJC_MSGSEND = YES;
				ENABLE_TESTABILITY = YES;
				GCC_C_LANGUAGE_STANDARD = gnu11;
				GCC_DYNAMIC_NO_PIC = NO;
				GCC_NO_COMMON_BLOCKS = YES;
				GCC_OPTIMIZATION_LEVEL = 0;
				GCC_PREPROCESSOR_DEFINITIONS = (
					"DEBUG=1",
					"$(inherited)",
				);
				GCC_WARN_64_TO_32_BIT_CONVERSION = YES;
				GCC_WARN_ABOUT_RETURN_TYPE = YES_ERROR;
				GCC_WARN_UNDECLARED_SELECTOR = YES;
				GCC_WARN_UNINITIALIZED_AUTOS = YES_AGGRESSIVE;
				GCC_WARN_UNUSED_FUNCTION = YES;
				GCC_WARN_UNUSED_VARIABLE = YES;
				IPHONEOS_DEPLOYMENT_TARGET = 12.2;
				MTL_ENABLE_DEBUG_INFO = INCLUDE_SOURCE;
				MTL_FAST_MATH = YES;
				ONLY_ACTIVE_ARCH = YES;
				SDKROOT = iphoneos;
				SWIFT_ACTIVE_COMPILATION_CONDITIONS = DEBUG;
				SWIFT_OPTIMIZATION_LEVEL = "-Onone";
			};
			name = Debug;
		};
		2C14847B22790E9000F9A182 /* Release */ = {
			isa = XCBuildConfiguration;
			buildSettings = {
				ALWAYS_SEARCH_USER_PATHS = NO;
				CLANG_ANALYZER_NONNULL = YES;
				CLANG_ANALYZER_NUMBER_OBJECT_CONVERSION = YES_AGGRESSIVE;
				CLANG_CXX_LANGUAGE_STANDARD = "gnu++14";
				CLANG_CXX_LIBRARY = "libc++";
				CLANG_ENABLE_MODULES = YES;
				CLANG_ENABLE_OBJC_ARC = YES;
				CLANG_ENABLE_OBJC_WEAK = YES;
				CLANG_WARN_BLOCK_CAPTURE_AUTORELEASING = YES;
				CLANG_WARN_BOOL_CONVERSION = YES;
				CLANG_WARN_COMMA = YES;
				CLANG_WARN_CONSTANT_CONVERSION = YES;
				CLANG_WARN_DEPRECATED_OBJC_IMPLEMENTATIONS = YES;
				CLANG_WARN_DIRECT_OBJC_ISA_USAGE = YES_ERROR;
				CLANG_WARN_DOCUMENTATION_COMMENTS = YES;
				CLANG_WARN_EMPTY_BODY = YES;
				CLANG_WARN_ENUM_CONVERSION = YES;
				CLANG_WARN_INFINITE_RECURSION = YES;
				CLANG_WARN_INT_CONVERSION = YES;
				CLANG_WARN_NON_LITERAL_NULL_CONVERSION = YES;
				CLANG_WARN_OBJC_IMPLICIT_RETAIN_SELF = YES;
				CLANG_WARN_OBJC_LITERAL_CONVERSION = YES;
				CLANG_WARN_OBJC_ROOT_CLASS = YES_ERROR;
				CLANG_WARN_RANGE_LOOP_ANALYSIS = YES;
				CLANG_WARN_STRICT_PROTOTYPES = YES;
				CLANG_WARN_SUSPICIOUS_MOVE = YES;
				CLANG_WARN_UNGUARDED_AVAILABILITY = YES_AGGRESSIVE;
				CLANG_WARN_UNREACHABLE_CODE = YES;
				CLANG_WARN__DUPLICATE_METHOD_MATCH = YES;
				CODE_SIGN_IDENTITY = "iPhone Developer";
				COPY_PHASE_STRIP = NO;
				DEBUG_INFORMATION_FORMAT = "dwarf-with-dsym";
				ENABLE_NS_ASSERTIONS = NO;
				ENABLE_STRICT_OBJC_MSGSEND = YES;
				GCC_C_LANGUAGE_STANDARD = gnu11;
				GCC_NO_COMMON_BLOCKS = YES;
				GCC_WARN_64_TO_32_BIT_CONVERSION = YES;
				GCC_WARN_ABOUT_RETURN_TYPE = YES_ERROR;
				GCC_WARN_UNDECLARED_SELECTOR = YES;
				GCC_WARN_UNINITIALIZED_AUTOS = YES_AGGRESSIVE;
				GCC_WARN_UNUSED_FUNCTION = YES;
				GCC_WARN_UNUSED_VARIABLE = YES;
				IPHONEOS_DEPLOYMENT_TARGET = 12.2;
				MTL_ENABLE_DEBUG_INFO = NO;
				MTL_FAST_MATH = YES;
				SDKROOT = iphoneos;
				SWIFT_COMPILATION_MODE = wholemodule;
				SWIFT_OPTIMIZATION_LEVEL = "-O";
				VALIDATE_PRODUCT = YES;
			};
			name = Release;
		};
		2C14847D22790E9000F9A182 /* Debug */ = {
			isa = XCBuildConfiguration;
			buildSettings = {
				ASSETCATALOG_COMPILER_APPICON_NAME = AppIcon;
				CODE_SIGN_STYLE = Automatic;
				DEVELOPMENT_TEAM = RF8WVA2SXW;
				INFOPLIST_FILE = CoreDataApp/Info.plist;
				LD_RUNPATH_SEARCH_PATHS = (
					"$(inherited)",
					"@executable_path/Frameworks",
				);
				PRODUCT_BUNDLE_IDENTIFIER = yanpersonal.CoreDataApp;
				PRODUCT_NAME = "$(TARGET_NAME)";
				SWIFT_VERSION = 5.0;
				TARGETED_DEVICE_FAMILY = "1,2";
			};
			name = Debug;
		};
		2C14847E22790E9000F9A182 /* Release */ = {
			isa = XCBuildConfiguration;
			buildSettings = {
				ASSETCATALOG_COMPILER_APPICON_NAME = AppIcon;
				CODE_SIGN_STYLE = Automatic;
				DEVELOPMENT_TEAM = RF8WVA2SXW;
				INFOPLIST_FILE = CoreDataApp/Info.plist;
				LD_RUNPATH_SEARCH_PATHS = (
					"$(inherited)",
					"@executable_path/Frameworks",
				);
				PRODUCT_BUNDLE_IDENTIFIER = yanpersonal.CoreDataApp;
				PRODUCT_NAME = "$(TARGET_NAME)";
				SWIFT_VERSION = 5.0;
				TARGETED_DEVICE_FAMILY = "1,2";
			};
			name = Release;
		};
		2C14848022790E9000F9A182 /* Debug */ = {
			isa = XCBuildConfiguration;
			buildSettings = {
				ALWAYS_EMBED_SWIFT_STANDARD_LIBRARIES = YES;
				BUNDLE_LOADER = "$(TEST_HOST)";
				CODE_SIGN_STYLE = Automatic;
				DEVELOPMENT_TEAM = RF8WVA2SXW;
				INFOPLIST_FILE = CoreDataAppTests/Info.plist;
				LD_RUNPATH_SEARCH_PATHS = (
					"$(inherited)",
					"@executable_path/Frameworks",
					"@loader_path/Frameworks",
				);
				PRODUCT_BUNDLE_IDENTIFIER = yanpersonal.CoreDataAppTests;
				PRODUCT_NAME = "$(TARGET_NAME)";
				SWIFT_VERSION = 5.0;
				TARGETED_DEVICE_FAMILY = "1,2";
				TEST_HOST = "$(BUILT_PRODUCTS_DIR)/CoreDataApp.app/CoreDataApp";
			};
			name = Debug;
		};
		2C14848122790E9000F9A182 /* Release */ = {
			isa = XCBuildConfiguration;
			buildSettings = {
				ALWAYS_EMBED_SWIFT_STANDARD_LIBRARIES = YES;
				BUNDLE_LOADER = "$(TEST_HOST)";
				CODE_SIGN_STYLE = Automatic;
				DEVELOPMENT_TEAM = RF8WVA2SXW;
				INFOPLIST_FILE = CoreDataAppTests/Info.plist;
				LD_RUNPATH_SEARCH_PATHS = (
					"$(inherited)",
					"@executable_path/Frameworks",
					"@loader_path/Frameworks",
				);
				PRODUCT_BUNDLE_IDENTIFIER = yanpersonal.CoreDataAppTests;
				PRODUCT_NAME = "$(TARGET_NAME)";
				SWIFT_VERSION = 5.0;
				TARGETED_DEVICE_FAMILY = "1,2";
				TEST_HOST = "$(BUILT_PRODUCTS_DIR)/CoreDataApp.app/CoreDataApp";
			};
			name = Release;
		};
		2C14848322790E9000F9A182 /* Debug */ = {
			isa = XCBuildConfiguration;
			buildSettings = {
				ALWAYS_EMBED_SWIFT_STANDARD_LIBRARIES = YES;
				CODE_SIGN_STYLE = Automatic;
				DEVELOPMENT_TEAM = RF8WVA2SXW;
				INFOPLIST_FILE = CoreDataAppUITests/Info.plist;
				LD_RUNPATH_SEARCH_PATHS = (
					"$(inherited)",
					"@executable_path/Frameworks",
					"@loader_path/Frameworks",
				);
				PRODUCT_BUNDLE_IDENTIFIER = yanpersonal.CoreDataAppUITests;
				PRODUCT_NAME = "$(TARGET_NAME)";
				SWIFT_VERSION = 5.0;
				TARGETED_DEVICE_FAMILY = "1,2";
				TEST_TARGET_NAME = CoreDataApp;
			};
			name = Debug;
		};
		2C14848422790E9000F9A182 /* Release */ = {
			isa = XCBuildConfiguration;
			buildSettings = {
				ALWAYS_EMBED_SWIFT_STANDARD_LIBRARIES = YES;
				CODE_SIGN_STYLE = Automatic;
				DEVELOPMENT_TEAM = RF8WVA2SXW;
				INFOPLIST_FILE = CoreDataAppUITests/Info.plist;
				LD_RUNPATH_SEARCH_PATHS = (
					"$(inherited)",
					"@executable_path/Frameworks",
					"@loader_path/Frameworks",
				);
				PRODUCT_BUNDLE_IDENTIFIER = yanpersonal.CoreDataAppUITests;
				PRODUCT_NAME = "$(TARGET_NAME)";
				SWIFT_VERSION = 5.0;
				TARGETED_DEVICE_FAMILY = "1,2";
				TEST_TARGET_NAME = CoreDataApp;
			};
			name = Release;
		};
/* End XCBuildConfiguration section */

/* Begin XCConfigurationList section */
		2C14844C22790E8E00F9A182 /* Build configuration list for PBXProject "CoreDataApp" */ = {
			isa = XCConfigurationList;
			buildConfigurations = (
				2C14847A22790E9000F9A182 /* Debug */,
				2C14847B22790E9000F9A182 /* Release */,
			);
			defaultConfigurationIsVisible = 0;
			defaultConfigurationName = Release;
		};
		2C14847C22790E9000F9A182 /* Build configuration list for PBXNativeTarget "CoreDataApp" */ = {
			isa = XCConfigurationList;
			buildConfigurations = (
				2C14847D22790E9000F9A182 /* Debug */,
				2C14847E22790E9000F9A182 /* Release */,
			);
			defaultConfigurationIsVisible = 0;
			defaultConfigurationName = Release;
		};
		2C14847F22790E9000F9A182 /* Build configuration list for PBXNativeTarget "CoreDataAppTests" */ = {
			isa = XCConfigurationList;
			buildConfigurations = (
				2C14848022790E9000F9A182 /* Debug */,
				2C14848122790E9000F9A182 /* Release */,
			);
			defaultConfigurationIsVisible = 0;
			defaultConfigurationName = Release;
		};
		2C14848222790E9000F9A182 /* Build configuration list for PBXNativeTarget "CoreDataAppUITests" */ = {
			isa = XCConfigurationList;
			buildConfigurations = (
				2C14848322790E9000F9A182 /* Debug */,
				2C14848422790E9000F9A182 /* Release */,
			);
			defaultConfigurationIsVisible = 0;
			defaultConfigurationName = Release;
		};
/* End XCConfigurationList section */

/* Begin XCVersionGroup section */
		2C14845B22790E8E00F9A182 /* CoreDataApp.xcdatamodeld */ = {
			isa = XCVersionGroup;
			children = (
				2C14845C22790E8E00F9A182 /* CoreDataApp.xcdatamodel */,
			);
			currentVersion = 2C14845C22790E8E00F9A182 /* CoreDataApp.xcdatamodel */;
			path = CoreDataApp.xcdatamodeld;
			sourceTree = "<group>";
			versionGroupType = wrapper.xcdatamodel;
		};
/* End XCVersionGroup section */
	};
	rootObject = 2C14844922790E8E00F9A182 /* Project object */;
}
